
Microsoft Visual Studio Solution File, Format Version 12.00
# Visual Studio Version 17
VisualStudioVersion = 17.11.35327.3
MinimumVisualStudioVersion = 10.0.40219.1
Project("{FAE04EC0-301F-11D3-BF4B-00C04F79EFBC}") = "Pivot", "Pivot\Pivot.csproj", "{A1C8BB9E-D734-4CD4-9D31-985349FEE34E}"
EndProject
Global
	GlobalSection(SolutionConfigurationPlatforms) = preSolution
		Debug|Any CPU = Debug|Any CPU
		Release|Any CPU = Release|Any CPU
	EndGlobalSection
	GlobalSection(ProjectConfigurationPlatforms) = postSolution
		{A1C8BB9E-D734-4CD4-9D31-985349FEE34E}.Debug|Any CPU.ActiveCfg = Debug|Any CPU
		{A1C8BB9E-D734-4CD4-9D31-985349FEE34E}.Debug|Any CPU.Build.0 = Debug|Any CPU
		{A1C8BB9E-D734-4CD4-9D31-985349FEE34E}.Release|Any CPU.ActiveCfg = Release|Any CPU
		{A1C8BB9E-D734-4CD4-9D31-985349FEE34E}.Release|Any CPU.Build.0 = Release|Any CPU
	EndGlobalSection
	GlobalSection(SolutionProperties) = preSolution
		HideSolutionNode = FALSE
	EndGlobalSection
	GlobalSection(ExtensibilityGlobals) = postSolution
		SolutionGuid = {18593DFE-8A13-47B9-A6F5-706137ED4502}
	EndGlobalSection
EndGlobal
